
Microsoft Visual Studio Solution File, Format Version 12.00
# Visual Studio Version 16
VisualStudioVersion = 16.0.30011.22
MinimumVisualStudioVersion = 10.0.40219.1
Project("{FAE04EC0-301F-11D3-BF4B-00C04F79EFBC}") = "Lab_2_AI", "Lab_2_AI\Lab_2_AI.csproj", "{9B490368-A322-4C5B-80A6-3E70C6689C4A}"
EndProject
Global
	GlobalSection(SolutionConfigurationPlatforms) = preSolution
		Debug|Any CPU = Debug|Any CPU
		Release|Any CPU = Release|Any CPU
	EndGlobalSection
	GlobalSection(ProjectConfigurationPlatforms) = postSolution
		{9B490368-A322-4C5B-80A6-3E70C6689C4A}.Debug|Any CPU.ActiveCfg = Debug|Any CPU
		{9B490368-A322-4C5B-80A6-3E70C6689C4A}.Debug|Any CPU.Build.0 = Debug|Any CPU
		{9B490368-A322-4C5B-80A6-3E70C6689C4A}.Release|Any CPU.ActiveCfg = Release|Any CPU
		{9B490368-A322-4C5B-80A6-3E70C6689C4A}.Release|Any CPU.Build.0 = Release|Any CPU
	EndGlobalSection
	GlobalSection(SolutionProperties) = preSolution
		HideSolutionNode = FALSE
	EndGlobalSection
	GlobalSection(ExtensibilityGlobals) = postSolution
		SolutionGuid = {9D348C0D-04C7-4D9D-87AA-13EA9BA73159}
	EndGlobalSection
EndGlobal
